// !$*UTF8*$!
{
	archiveVersion = 1;
	classes = {
	};
	objectVersion = 46;
	objects = {

/* Begin PBXBuildFile section */
		74C5619A1960609200F218CD /* Foundation.framework in Frameworks */ = {isa = PBXBuildFile; fileRef = 74C561991960609200F218CD /* Foundation.framework */; };
		74C5619C1960609200F218CD /* CoreGraphics.framework in Frameworks */ = {isa = PBXBuildFile; fileRef = 74C5619B1960609200F218CD /* CoreGraphics.framework */; };
		74C5619E1960609200F218CD /* UIKit.framework in Frameworks */ = {isa = PBXBuildFile; fileRef = 74C5619D1960609200F218CD /* UIKit.framework */; };
		74C561A41960609200F218CD /* InfoPlist.strings in Resources */ = {isa = PBXBuildFile; fileRef = 74C561A21960609200F218CD /* InfoPlist.strings */; };
		74C561A61960609200F218CD /* main.m in Sources */ = {isa = PBXBuildFile; fileRef = 74C561A51960609200F218CD /* main.m */; };
		74C561AA1960609200F218CD /* FLYAppDelegate.m in Sources */ = {isa = PBXBuildFile; fileRef = 74C561A91960609200F218CD /* FLYAppDelegate.m */; };
		74C561AC1960609200F218CD /* Images.xcassets in Resources */ = {isa = PBXBuildFile; fileRef = 74C561AB1960609200F218CD /* Images.xcassets */; };
		74C561B31960609200F218CD /* XCTest.framework in Frameworks */ = {isa = PBXBuildFile; fileRef = 74C561B21960609200F218CD /* XCTest.framework */; };
		74C561B41960609200F218CD /* Foundation.framework in Frameworks */ = {isa = PBXBuildFile; fileRef = 74C561991960609200F218CD /* Foundation.framework */; };
		74C561B51960609200F218CD /* UIKit.framework in Frameworks */ = {isa = PBXBuildFile; fileRef = 74C5619D1960609200F218CD /* UIKit.framework */; };
		74C561BD1960609200F218CD /* InfoPlist.strings in Resources */ = {isa = PBXBuildFile; fileRef = 74C561BB1960609200F218CD /* InfoPlist.strings */; };
		74C561BF1960609200F218CD /* park_yunTests.m in Sources */ = {isa = PBXBuildFile; fileRef = 74C561BE1960609200F218CD /* park_yunTests.m */; };
/* End PBXBuildFile section */

/* Begin PBXContainerItemProxy section */
		74C561B61960609200F218CD /* PBXContainerItemProxy */ = {
			isa = PBXContainerItemProxy;
			containerPortal = 74C5618E1960609200F218CD /* Project object */;
			proxyType = 1;
			remoteGlobalIDString = 74C561951960609200F218CD;
			remoteInfo = park_yun;
		};
/* End PBXContainerItemProxy section */

/* Begin PBXFileReference section */
		74C561961960609200F218CD /* park_yun.app */ = {isa = PBXFileReference; explicitFileType = wrapper.application; includeInIndex = 0; path = park_yun.app; sourceTree = BUILT_PRODUCTS_DIR; };
		74C561991960609200F218CD /* Foundation.framework */ = {isa = PBXFileReference; lastKnownFileType = wrapper.framework; name = Foundation.framework; path = System/Library/Frameworks/Foundation.framework; sourceTree = SDKROOT; };
		74C5619B1960609200F218CD /* CoreGraphics.framework */ = {isa = PBXFileReference; lastKnownFileType = wrapper.framework; name = CoreGraphics.framework; path = System/Library/Frameworks/CoreGraphics.framework; sourceTree = SDKROOT; };
		74C5619D1960609200F218CD /* UIKit.framework */ = {isa = PBXFileReference; lastKnownFileType = wrapper.framework; name = UIKit.framework; path = System/Library/Frameworks/UIKit.framework; sourceTree = SDKROOT; };
		74C561A11960609200F218CD /* park_yun-Info.plist */ = {isa = PBXFileReference; lastKnownFileType = text.plist.xml; path = "park_yun-Info.plist"; sourceTree = "<group>"; };
		74C561A31960609200F218CD /* en */ = {isa = PBXFileReference; lastKnownFileType = text.plist.strings; name = en; path = en.lproj/InfoPlist.strings; sourceTree = "<group>"; };
		74C561A51960609200F218CD /* main.m */ = {isa = PBXFileReference; lastKnownFileType = sourcecode.c.objc; path = main.m; sourceTree = "<group>"; };
		74C561A71960609200F218CD /* park_yun-Prefix.pch */ = {isa = PBXFileReference; lastKnownFileType = sourcecode.c.h; path = "park_yun-Prefix.pch"; sourceTree = "<group>"; };
		74C561A81960609200F218CD /* FLYAppDelegate.h */ = {isa = PBXFileReference; lastKnownFileType = sourcecode.c.h; path = FLYAppDelegate.h; sourceTree = "<group>"; };
		74C561A91960609200F218CD /* FLYAppDelegate.m */ = {isa = PBXFileReference; lastKnownFileType = sourcecode.c.objc; path = FLYAppDelegate.m; sourceTree = "<group>"; };
		74C561AB1960609200F218CD /* Images.xcassets */ = {isa = PBXFileReference; lastKnownFileType = folder.assetcatalog; path = Images.xcassets; sourceTree = "<group>"; };
		74C561B11960609200F218CD /* park_yunTests.xctest */ = {isa = PBXFileReference; explicitFileType = wrapper.cfbundle; includeInIndex = 0; path = park_yunTests.xctest; sourceTree = BUILT_PRODUCTS_DIR; };
		74C561B21960609200F218CD /* XCTest.framework */ = {isa = PBXFileReference; lastKnownFileType = wrapper.framework; name = XCTest.framework; path = Library/Frameworks/XCTest.framework; sourceTree = DEVELOPER_DIR; };
		74C561BA1960609200F218CD /* park_yunTests-Info.plist */ = {isa = PBXFileReference; lastKnownFileType = text.plist.xml; path = "park_yunTests-Info.plist"; sourceTree = "<group>"; };
		74C561BC1960609200F218CD /* en */ = {isa = PBXFileReference; lastKnownFileType = text.plist.strings; name = en; path = en.lproj/InfoPlist.strings; sourceTree = "<group>"; };
		74C561BE1960609200F218CD /* park_yunTests.m */ = {isa = PBXFileReference; lastKnownFileType = sourcecode.c.objc; path = park_yunTests.m; sourceTree = "<group>"; };
/* End PBXFileReference section */

/* Begin PBXFrameworksBuildPhase section */
		74C561931960609200F218CD /* Frameworks */ = {
			isa = PBXFrameworksBuildPhase;
			buildActionMask = 2147483647;
			files = (
				74C5619C1960609200F218CD /* CoreGraphics.framework in Frameworks */,
				74C5619E1960609200F218CD /* UIKit.framework in Frameworks */,
				74C5619A1960609200F218CD /* Foundation.framework in Frameworks */,
			);
			runOnlyForDeploymentPostprocessing = 0;
		};
		74C561AE1960609200F218CD /* Frameworks */ = {
			isa = PBXFrameworksBuildPhase;
			buildActionMask = 2147483647;
			files = (
				74C561B31960609200F218CD /* XCTest.framework in Frameworks */,
				74C561B51960609200F218CD /* UIKit.framework in Frameworks */,
				74C561B41960609200F218CD /* Foundation.framework in Frameworks */,
			);
			runOnlyForDeploymentPostprocessing = 0;
		};
/* End PBXFrameworksBuildPhase section */

/* Begin PBXGroup section */
		74C5618D1960609200F218CD = {
			isa = PBXGroup;
			children = (
				74C5619F1960609200F218CD /* park_yun */,
				74C561B81960609200F218CD /* park_yunTests */,
				74C561981960609200F218CD /* Frameworks */,
				74C561971960609200F218CD /* Products */,
			);
			sourceTree = "<group>";
		};
		74C561971960609200F218CD /* Products */ = {
			isa = PBXGroup;
			children = (
				74C561961960609200F218CD /* park_yun.app */,
				74C561B11960609200F218CD /* park_yunTests.xctest */,
			);
			name = Products;
			sourceTree = "<group>";
		};
		74C561981960609200F218CD /* Frameworks */ = {
			isa = PBXGroup;
			children = (
				74C561991960609200F218CD /* Foundation.framework */,
				74C5619B1960609200F218CD /* CoreGraphics.framework */,
				74C5619D1960609200F218CD /* UIKit.framework */,
				74C561B21960609200F218CD /* XCTest.framework */,
			);
			name = Frameworks;
			sourceTree = "<group>";
		};
		74C5619F1960609200F218CD /* park_yun */ = {
			isa = PBXGroup;
			children = (
				74C561A81960609200F218CD /* FLYAppDelegate.h */,
				74C561A91960609200F218CD /* FLYAppDelegate.m */,
				74C561AB1960609200F218CD /* Images.xcassets */,
				74C561A01960609200F218CD /* Supporting Files */,
			);
			path = park_yun;
			sourceTree = "<group>";
		};
		74C561A01960609200F218CD /* Supporting Files */ = {
			isa = PBXGroup;
			children = (
				74C561A11960609200F218CD /* park_yun-Info.plist */,
				74C561A21960609200F218CD /* InfoPlist.strings */,
				74C561A51960609200F218CD /* main.m */,
				74C561A71960609200F218CD /* park_yun-Prefix.pch */,
			);
			name = "Supporting Files";
			sourceTree = "<group>";
		};
		74C561B81960609200F218CD /* park_yunTests */ = {
			isa = PBXGroup;
			children = (
				74C561BE1960609200F218CD /* park_yunTests.m */,
				74C561B91960609200F218CD /* Supporting Files */,
			);
			path = park_yunTests;
			sourceTree = "<group>";
		};
		74C561B91960609200F218CD /* Supporting Files */ = {
			isa = PBXGroup;
			children = (
				74C561BA1960609200F218CD /* park_yunTests-Info.plist */,
				74C561BB1960609200F218CD /* InfoPlist.strings */,
			);
			name = "Supporting Files";
			sourceTree = "<group>";
		};
/* End PBXGroup section */

/* Begin PBXNativeTarget section */
		74C561951960609200F218CD /* park_yun */ = {
			isa = PBXNativeTarget;
			buildConfigurationList = 74C561C21960609200F218CD /* Build configuration list for PBXNativeTarget "park_yun" */;
			buildPhases = (
				74C561921960609200F218CD /* Sources */,
				74C561931960609200F218CD /* Frameworks */,
				74C561941960609200F218CD /* Resources */,
			);
			buildRules = (
			);
			dependencies = (
			);
			name = park_yun;
			productName = park_yun;
			productReference = 74C561961960609200F218CD /* park_yun.app */;
			productType = "com.apple.product-type.application";
		};
		74C561B01960609200F218CD /* park_yunTests */ = {
			isa = PBXNativeTarget;
			buildConfigurationList = 74C561C51960609200F218CD /* Build configuration list for PBXNativeTarget "park_yunTests" */;
			buildPhases = (
				74C561AD1960609200F218CD /* Sources */,
				74C561AE1960609200F218CD /* Frameworks */,
				74C561AF1960609200F218CD /* Resources */,
			);
			buildRules = (
			);
			dependencies = (
				74C561B71960609200F218CD /* PBXTargetDependency */,
			);
			name = park_yunTests;
			productName = park_yunTests;
			productReference = 74C561B11960609200F218CD /* park_yunTests.xctest */;
			productType = "com.apple.product-type.bundle.unit-test";
		};
/* End PBXNativeTarget section */

/* Begin PBXProject section */
		74C5618E1960609200F218CD /* Project object */ = {
			isa = PBXProject;
			attributes = {
				CLASSPREFIX = FLY;
				LastUpgradeCheck = 0510;
				ORGANIZATIONNAME = "无线飞翔";
				TargetAttributes = {
					74C561B01960609200F218CD = {
						TestTargetID = 74C561951960609200F218CD;
					};
				};
			};
			buildConfigurationList = 74C561911960609200F218CD /* Build configuration list for PBXProject "park_yun" */;
			compatibilityVersion = "Xcode 3.2";
			developmentRegion = English;
			hasScannedForEncodings = 0;
			knownRegions = (
				en,
			);
			mainGroup = 74C5618D1960609200F218CD;
			productRefGroup = 74C561971960609200F218CD /* Products */;
			projectDirPath = "";
			projectRoot = "";
			targets = (
				74C561951960609200F218CD /* park_yun */,
				74C561B01960609200F218CD /* park_yunTests */,
			);
		};
/* End PBXProject section */

/* Begin PBXResourcesBuildPhase section */
		74C561941960609200F218CD /* Resources */ = {
			isa = PBXResourcesBuildPhase;
			buildActionMask = 2147483647;
			files = (
				74C561A41960609200F218CD /* InfoPlist.strings in Resources */,
				74C561AC1960609200F218CD /* Images.xcassets in Resources */,
			);
			runOnlyForDeploymentPostprocessing = 0;
		};
		74C561AF1960609200F218CD /* Resources */ = {
			isa = PBXResourcesBuildPhase;
			buildActionMask = 2147483647;
			files = (
				74C561BD1960609200F218CD /* InfoPlist.strings in Resources */,
			);
			runOnlyForDeploymentPostprocessing = 0;
		};
/* End PBXResourcesBuildPhase section */

/* Begin PBXSourcesBuildPhase section */
		74C561921960609200F218CD /* Sources */ = {
			isa = PBXSourcesBuildPhase;
			buildActionMask = 2147483647;
			files = (
				74C561AA1960609200F218CD /* FLYAppDelegate.m in Sources */,
				74C561A61960609200F218CD /* main.m in Sources */,
			);
			runOnlyForDeploymentPostprocessing = 0;
		};
		74C561AD1960609200F218CD /* Sources */ = {
			isa = PBXSourcesBuildPhase;
			buildActionMask = 2147483647;
			files = (
				74C561BF1960609200F218CD /* park_yunTests.m in Sources */,
			);
			runOnlyForDeploymentPostprocessing = 0;
		};
/* End PBXSourcesBuildPhase section */

/* Begin PBXTargetDependency section */
		74C561B71960609200F218CD /* PBXTargetDependency */ = {
			isa = PBXTargetDependency;
			target = 74C561951960609200F218CD /* park_yun */;
			targetProxy = 74C561B61960609200F218CD /* PBXContainerItemProxy */;
		};
/* End PBXTargetDependency section */

/* Begin PBXVariantGroup section */
		74C561A21960609200F218CD /* InfoPlist.strings */ = {
			isa = PBXVariantGroup;
			children = (
				74C561A31960609200F218CD /* en */,
			);
			name = InfoPlist.strings;
			sourceTree = "<group>";
		};
		74C561BB1960609200F218CD /* InfoPlist.strings */ = {
			isa = PBXVariantGroup;
			children = (
				74C561BC1960609200F218CD /* en */,
			);
			name = InfoPlist.strings;
			sourceTree = "<group>";
		};
/* End PBXVariantGroup section */

/* Begin XCBuildConfiguration section */
		74C561C01960609200F218CD /* Debug */ = {
			isa = XCBuildConfiguration;
			buildSettings = {
				ALWAYS_SEARCH_USER_PATHS = NO;
				CLANG_CXX_LANGUAGE_STANDARD = "gnu++0x";
				CLANG_CXX_LIBRARY = "libc++";
				CLANG_ENABLE_MODULES = YES;
				CLANG_ENABLE_OBJC_ARC = YES;
				CLANG_WARN_BOOL_CONVERSION = YES;
				CLANG_WARN_CONSTANT_CONVERSION = YES;
				CLANG_WARN_DIRECT_OBJC_ISA_USAGE = YES_ERROR;
				CLANG_WARN_EMPTY_BODY = YES;
				CLANG_WARN_ENUM_CONVERSION = YES;
				CLANG_WARN_INT_CONVERSION = YES;
				CLANG_WARN_OBJC_ROOT_CLASS = YES_ERROR;
				CLANG_WARN__DUPLICATE_METHOD_MATCH = YES;
				"CODE_SIGN_IDENTITY[sdk=iphoneos*]" = "iPhone Developer";
				COPY_PHASE_STRIP = NO;
				GCC_C_LANGUAGE_STANDARD = gnu99;
				GCC_DYNAMIC_NO_PIC = NO;
				GCC_OPTIMIZATION_LEVEL = 0;
				GCC_PREPROCESSOR_DEFINITIONS = (
					"DEBUG=1",
					"$(inherited)",
				);
				GCC_SYMBOLS_PRIVATE_EXTERN = NO;
				GCC_WARN_64_TO_32_BIT_CONVERSION = YES;
				GCC_WARN_ABOUT_RETURN_TYPE = YES_ERROR;
				GCC_WARN_UNDECLARED_SELECTOR = YES;
				GCC_WARN_UNINITIALIZED_AUTOS = YES_AGGRESSIVE;
				GCC_WARN_UNUSED_FUNCTION = YES;
				GCC_WARN_UNUSED_VARIABLE = YES;
				IPHONEOS_DEPLOYMENT_TARGET = 7.1;
				ONLY_ACTIVE_ARCH = YES;
				SDKROOT = iphoneos;
			};
			name = Debug;
		};
		74C561C11960609200F218CD /* Release */ = {
			isa = XCBuildConfiguration;
			buildSettings = {
				ALWAYS_SEARCH_USER_PATHS = NO;
				CLANG_CXX_LANGUAGE_STANDARD = "gnu++0x";
				CLANG_CXX_LIBRARY = "libc++";
				CLANG_ENABLE_MODULES = YES;
				CLANG_ENABLE_OBJC_ARC = YES;
				CLANG_WARN_BOOL_CONVERSION = YES;
				CLANG_WARN_CONSTANT_CONVERSION = YES;
				CLANG_WARN_DIRECT_OBJC_ISA_USAGE = YES_ERROR;
				CLANG_WARN_EMPTY_BODY = YES;
				CLANG_WARN_ENUM_CONVERSION = YES;
				CLANG_WARN_INT_CONVERSION = YES;
				CLANG_WARN_OBJC_ROOT_CLASS = YES_ERROR;
				CLANG_WARN__DUPLICATE_METHOD_MATCH = YES;
				"CODE_SIGN_IDENTITY[sdk=iphoneos*]" = "iPhone Developer";
				COPY_PHASE_STRIP = YES;
				ENABLE_NS_ASSERTIONS = NO;
				GCC_C_LANGUAGE_STANDARD = gnu99;
				GCC_WARN_64_TO_32_BIT_CONVERSION = YES;
				GCC_WARN_ABOUT_RETURN_TYPE = YES_ERROR;
				GCC_WARN_UNDECLARED_SELECTOR = YES;
				GCC_WARN_UNINITIALIZED_AUTOS = YES_AGGRESSIVE;
				GCC_WARN_UNUSED_FUNCTION = YES;
				GCC_WARN_UNUSED_VARIABLE = YES;
				IPHONEOS_DEPLOYMENT_TARGET = 7.1;
				SDKROOT = iphoneos;
				VALIDATE_PRODUCT = YES;
			};
			name = Release;
		};
		74C561C31960609200F218CD /* Debug */ = {
			isa = XCBuildConfiguration;
			buildSettings = {
				ASSETCATALOG_COMPILER_APPICON_NAME = AppIcon;
				ASSETCATALOG_COMPILER_LAUNCHIMAGE_NAME = LaunchImage;
				GCC_PRECOMPILE_PREFIX_HEADER = YES;
				GCC_PREFIX_HEADER = "park_yun/park_yun-Prefix.pch";
				INFOPLIST_FILE = "park_yun/park_yun-Info.plist";
				PRODUCT_NAME = "$(TARGET_NAME)";
				WRAPPER_EXTENSION = app;
			};
			name = Debug;
		};
		74C561C41960609200F218CD /* Release */ = {
			isa = XCBuildConfiguration;
			buildSettings = {
				ASSETCATALOG_COMPILER_APPICON_NAME = AppIcon;
				ASSETCATALOG_COMPILER_LAUNCHIMAGE_NAME = LaunchImage;
				GCC_PRECOMPILE_PREFIX_HEADER = YES;
				GCC_PREFIX_HEADER = "park_yun/park_yun-Prefix.pch";
				INFOPLIST_FILE = "park_yun/park_yun-Info.plist";
				PRODUCT_NAME = "$(TARGET_NAME)";
				WRAPPER_EXTENSION = app;
			};
			name = Release;
		};
		74C561C61960609200F218CD /* Debug */ = {
			isa = XCBuildConfiguration;
			buildSettings = {
				BUNDLE_LOADER = "$(BUILT_PRODUCTS_DIR)/park_yun.app/park_yun";
				FRAMEWORK_SEARCH_PATHS = (
					"$(SDKROOT)/Developer/Library/Frameworks",
					"$(inherited)",
					"$(DEVELOPER_FRAMEWORKS_DIR)",
				);
				GCC_PRECOMPILE_PREFIX_HEADER = YES;
				GCC_PREFIX_HEADER = "park_yun/park_yun-Prefix.pch";
				GCC_PREPROCESSOR_DEFINITIONS = (
					"DEBUG=1",
					"$(inherited)",
				);
				INFOPLIST_FILE = "park_yunTests/park_yunTests-Info.plist";
				PRODUCT_NAME = "$(TARGET_NAME)";
				TEST_HOST = "$(BUNDLE_LOADER)";
				WRAPPER_EXTENSION = xctest;
			};
			name = Debug;
		};
		74C561C71960609200F218CD /* Release */ = {
			isa = XCBuildConfiguration;
			buildSettings = {
				BUNDLE_LOADER = "$(BUILT_PRODUCTS_DIR)/park_yun.app/park_yun";
				FRAMEWORK_SEARCH_PATHS = (
					"$(SDKROOT)/Developer/Library/Frameworks",
					"$(inherited)",
					"$(DEVELOPER_FRAMEWORKS_DIR)",
				);
				GCC_PRECOMPILE_PREFIX_HEADER = YES;
				GCC_PREFIX_HEADER = "park_yun/park_yun-Prefix.pch";
				INFOPLIST_FILE = "park_yunTests/park_yunTests-Info.plist";
				PRODUCT_NAME = "$(TARGET_NAME)";
				TEST_HOST = "$(BUNDLE_LOADER)";
				WRAPPER_EXTENSION = xctest;
			};
			name = Release;
		};
/* End XCBuildConfiguration section */

/* Begin XCConfigurationList section */
		74C561911960609200F218CD /* Build configuration list for PBXProject "park_yun" */ = {
			isa = XCConfigurationList;
			buildConfigurations = (
				74C561C01960609200F218CD /* Debug */,
				74C561C11960609200F218CD /* Release */,
			);
			defaultConfigurationIsVisible = 0;
			defaultConfigurationName = Release;
		};
		74C561C21960609200F218CD /* Build configuration list for PBXNativeTarget "park_yun" */ = {
			isa = XCConfigurationList;
			buildConfigurations = (
				74C561C31960609200F218CD /* Debug */,
				74C561C41960609200F218CD /* Release */,
			);
			defaultConfigurationIsVisible = 0;
		};
		74C561C51960609200F218CD /* Build configuration list for PBXNativeTarget "park_yunTests" */ = {
			isa = XCConfigurationList;
			buildConfigurations = (
				74C561C61960609200F218CD /* Debug */,
				74C561C71960609200F218CD /* Release */,
			);
			defaultConfigurationIsVisible = 0;
		};
/* End XCConfigurationList section */
	};
	rootObject = 74C5618E1960609200F218CD /* Project object */;
}
